
Microsoft Visual Studio Solution File, Format Version 12.00
# Visual Studio 14
VisualStudioVersion = 14.0.25420.1
MinimumVisualStudioVersion = 10.0.40219.1
Project("{FAE04EC0-301F-11D3-BF4B-00C04F79EFBC}") = "AccountManagement", "AccountManagement\AccountManagement.csproj", "{FE5B5AF5-6CED-4853-8EA4-D413D052086F}"
EndProject
Project("{FAE04EC0-301F-11D3-BF4B-00C04F79EFBC}") = "AccountManagement.Tests", "AccountManagement.Tests\AccountManagement.Tests.csproj", "{BB12C46B-409D-4988-A2BA-A8E8D15AD012}"
EndProject
Global
	GlobalSection(SolutionConfigurationPlatforms) = preSolution
		Debug|Any CPU = Debug|Any CPU
		Release|Any CPU = Release|Any CPU
	EndGlobalSection
	GlobalSection(ProjectConfigurationPlatforms) = postSolution
		{FE5B5AF5-6CED-4853-8EA4-D413D052086F}.Debug|Any CPU.ActiveCfg = Debug|Any CPU
		{FE5B5AF5-6CED-4853-8EA4-D413D052086F}.Debug|Any CPU.Build.0 = Debug|Any CPU
		{FE5B5AF5-6CED-4853-8EA4-D413D052086F}.Release|Any CPU.ActiveCfg = Release|Any CPU
		{FE5B5AF5-6CED-4853-8EA4-D413D052086F}.Release|Any CPU.Build.0 = Release|Any CPU
		{BB12C46B-409D-4988-A2BA-A8E8D15AD012}.Debug|Any CPU.ActiveCfg = Debug|Any CPU
		{BB12C46B-409D-4988-A2BA-A8E8D15AD012}.Debug|Any CPU.Build.0 = Debug|Any CPU
		{BB12C46B-409D-4988-A2BA-A8E8D15AD012}.Release|Any CPU.ActiveCfg = Release|Any CPU
		{BB12C46B-409D-4988-A2BA-A8E8D15AD012}.Release|Any CPU.Build.0 = Release|Any CPU
	EndGlobalSection
	GlobalSection(SolutionProperties) = preSolution
		HideSolutionNode = FALSE
	EndGlobalSection
EndGlobal
